
Microsoft Visual Studio Solution File, Format Version 12.00
# Visual Studio Version 17
VisualStudioVersion = 17.7.34018.315
MinimumVisualStudioVersion = 10.0.40219.1
Project("{FAE04EC0-301F-11D3-BF4B-00C04F79EFBC}") = "2M_11_Instrument_polimorfizm", "2M_11_Instrument_polimorfizm\2M_11_Instrument_polimorfizm.csproj", "{4183E75B-5EA3-4DFC-823C-CA7EBF5A1920}"
EndProject
Global
	GlobalSection(SolutionConfigurationPlatforms) = preSolution
		Debug|Any CPU = Debug|Any CPU
		Release|Any CPU = Release|Any CPU
	EndGlobalSection
	GlobalSection(ProjectConfigurationPlatforms) = postSolution
		{4183E75B-5EA3-4DFC-823C-CA7EBF5A1920}.Debug|Any CPU.ActiveCfg = Debug|Any CPU
		{4183E75B-5EA3-4DFC-823C-CA7EBF5A1920}.Debug|Any CPU.Build.0 = Debug|Any CPU
		{4183E75B-5EA3-4DFC-823C-CA7EBF5A1920}.Release|Any CPU.ActiveCfg = Release|Any CPU
		{4183E75B-5EA3-4DFC-823C-CA7EBF5A1920}.Release|Any CPU.Build.0 = Release|Any CPU
	EndGlobalSection
	GlobalSection(SolutionProperties) = preSolution
		HideSolutionNode = FALSE
	EndGlobalSection
	GlobalSection(ExtensibilityGlobals) = postSolution
		SolutionGuid = {89D52A74-F208-4433-A4DA-1947F545869B}
	EndGlobalSection
EndGlobal
